
Microsoft Visual Studio Solution File, Format Version 12.00
# Visual Studio Version 17
VisualStudioVersion = 17.0.32126.317
MinimumVisualStudioVersion = 10.0.40219.1
Project("{2150E333-8FDC-42A3-9474-1A3956D46DE8}") = "Year2018", "Year2018", "{AC2373D8-F408-475A-B52D-64857CDEFB2F}"
EndProject
Project("{2150E333-8FDC-42A3-9474-1A3956D46DE8}") = "Year2019", "Year2019", "{32F1F051-8E8D-477F-AB2A-3E1E266927F6}"
EndProject
Project("{2150E333-8FDC-42A3-9474-1A3956D46DE8}") = "Year2020", "Year2020", "{6D379817-C0E3-4AF7-82A8-69478EEEFC1F}"
EndProject
Project("{2150E333-8FDC-42A3-9474-1A3956D46DE8}") = "Common", "Common", "{C711B7F0-2545-4ADE-99CC-B539F54B35E0}"
EndProject
Project("{9A19103F-16F7-4668-BE54-9A1E7A4F7556}") = "AdventOfCode.Common", "Common\CSharp\src\AdventOfCode.Common.csproj", "{5ACDC4A4-2879-4D48-BF2E-025F906491DC}"
EndProject
Project("{9A19103F-16F7-4668-BE54-9A1E7A4F7556}") = "AdventOfCode.Common.Tests", "Common\CSharp\tests\AdventOfCode.Common.Tests.csproj", "{CF6B799B-82E4-4D68-91B7-85BC8A1142C5}"
EndProject
Project("{9A19103F-16F7-4668-BE54-9A1E7A4F7556}") = "AdventOfCode.Year2018", "Year2018\CSharp\src\AdventOfCode.Year2018.csproj", "{60DA625E-A001-452C-957F-A218592644DB}"
EndProject
Project("{9A19103F-16F7-4668-BE54-9A1E7A4F7556}") = "AdventOfCode.Year2018.Tests", "Year2018\CSharp\tests\AdventOfCode.Year2018.Tests.csproj", "{7F61CB6B-7608-4B7B-BAC2-3360F9CC347D}"
EndProject
Project("{9A19103F-16F7-4668-BE54-9A1E7A4F7556}") = "AdventOfCode.Year2019", "Year2019\CSharp\src\AdventOfCode.Year2019.csproj", "{52C8DCA6-AEED-43F2-93F0-584267D62A02}"
EndProject
Project("{9A19103F-16F7-4668-BE54-9A1E7A4F7556}") = "AdventOfCode.Year2019.Tests", "Year2019\CSharp\tests\AdventOfCode.Year2019.Tests.csproj", "{6E42D6B7-B563-4CD6-A482-8957E459EB74}"
EndProject
Project("{9A19103F-16F7-4668-BE54-9A1E7A4F7556}") = "AdventOfCode.Year2020", "Year2020\CSharp\src\AdventOfCode.Year2020.csproj", "{A2DF5D68-E27B-4BDE-B773-77F59FA2B7B3}"
EndProject
Project("{9A19103F-16F7-4668-BE54-9A1E7A4F7556}") = "AdventOfCode.Year2020.Tests", "Year2020\CSharp\tests\AdventOfCode.Year2020.Tests.csproj", "{F8C13C6F-4375-4809-A848-01A04B62791F}"
EndProject
Project("{2150E333-8FDC-42A3-9474-1A3956D46DE8}") = "Year2016", "Year2016", "{0A33248C-00E5-4322-B19C-56642ABD370A}"
EndProject
Project("{9A19103F-16F7-4668-BE54-9A1E7A4F7556}") = "AdventOfCode.Year2016", "Year2016\CSharp\src\AdventOfCode.Year2016.csproj", "{70890FB0-80EE-4122-8C39-2A93655A7958}"
EndProject
Project("{9A19103F-16F7-4668-BE54-9A1E7A4F7556}") = "AdventOfCode.Year2016.Tests", "Year2016\CSharp\tests\AdventOfCode.Year2016.Tests.csproj", "{DF98C5C1-CD4D-473C-9526-CE084F1773FA}"
EndProject
Project("{2150E333-8FDC-42A3-9474-1A3956D46DE8}") = "Year2022", "Year2022", "{2B48C8CF-8522-4711-AC70-82872B9F1D41}"
EndProject
Project("{9A19103F-16F7-4668-BE54-9A1E7A4F7556}") = "AdventOfCode.Year2022", "Year2022\CSharp\src\AdventOfCode.Year2022.csproj", "{44772309-328C-4922-9D0B-FE20A59463A1}"
EndProject
Project("{9A19103F-16F7-4668-BE54-9A1E7A4F7556}") = "AdventOfCode.Year2022.Tests", "Year2022\CSharp\tests\AdventOfCode.Year2022.Tests.csproj", "{DBB88212-D144-4153-94B4-D2172216C831}"
EndProject
Project("{2150E333-8FDC-42A3-9474-1A3956D46DE8}") = "CSharp", "CSharp", "{0B501FD4-3585-4641-90C8-DDFA6AB8FC98}"
EndProject
Project("{2150E333-8FDC-42A3-9474-1A3956D46DE8}") = "CSharp", "CSharp", "{35464601-23AE-4665-82D5-F1FD61C11E5B}"
EndProject
Project("{2150E333-8FDC-42A3-9474-1A3956D46DE8}") = "CSharp", "CSharp", "{145D5F80-D2A6-4546-9FAB-C1F46C1D2ABA}"
EndProject
Project("{2150E333-8FDC-42A3-9474-1A3956D46DE8}") = "CSharp", "CSharp", "{D1C8FE46-97FF-4C2A-9C3B-75BB9E2BE247}"
EndProject
Project("{2150E333-8FDC-42A3-9474-1A3956D46DE8}") = "CSharp", "CSharp", "{B8FC545B-4B63-4D8F-82F3-FFEAFE73AFE3}"
EndProject
Project("{2150E333-8FDC-42A3-9474-1A3956D46DE8}") = "CSharp", "CSharp", "{14AD9BAC-1FBD-4A5C-8C20-055054FB6478}"
EndProject
Global
	GlobalSection(SolutionConfigurationPlatforms) = preSolution
		Debug|Any CPU = Debug|Any CPU
		Release|Any CPU = Release|Any CPU
	EndGlobalSection
	GlobalSection(ProjectConfigurationPlatforms) = postSolution
		{5ACDC4A4-2879-4D48-BF2E-025F906491DC}.Debug|Any CPU.ActiveCfg = Debug|Any CPU
		{5ACDC4A4-2879-4D48-BF2E-025F906491DC}.Debug|Any CPU.Build.0 = Debug|Any CPU
		{5ACDC4A4-2879-4D48-BF2E-025F906491DC}.Release|Any CPU.ActiveCfg = Release|Any CPU
		{5ACDC4A4-2879-4D48-BF2E-025F906491DC}.Release|Any CPU.Build.0 = Release|Any CPU
		{CF6B799B-82E4-4D68-91B7-85BC8A1142C5}.Debug|Any CPU.ActiveCfg = Debug|Any CPU
		{CF6B799B-82E4-4D68-91B7-85BC8A1142C5}.Debug|Any CPU.Build.0 = Debug|Any CPU
		{CF6B799B-82E4-4D68-91B7-85BC8A1142C5}.Release|Any CPU.ActiveCfg = Release|Any CPU
		{CF6B799B-82E4-4D68-91B7-85BC8A1142C5}.Release|Any CPU.Build.0 = Release|Any CPU
		{60DA625E-A001-452C-957F-A218592644DB}.Debug|Any CPU.ActiveCfg = Debug|Any CPU
		{60DA625E-A001-452C-957F-A218592644DB}.Debug|Any CPU.Build.0 = Debug|Any CPU
		{60DA625E-A001-452C-957F-A218592644DB}.Release|Any CPU.ActiveCfg = Release|Any CPU
		{60DA625E-A001-452C-957F-A218592644DB}.Release|Any CPU.Build.0 = Release|Any CPU
		{7F61CB6B-7608-4B7B-BAC2-3360F9CC347D}.Debug|Any CPU.ActiveCfg = Debug|Any CPU
		{7F61CB6B-7608-4B7B-BAC2-3360F9CC347D}.Debug|Any CPU.Build.0 = Debug|Any CPU
		{7F61CB6B-7608-4B7B-BAC2-3360F9CC347D}.Release|Any CPU.ActiveCfg = Release|Any CPU
		{7F61CB6B-7608-4B7B-BAC2-3360F9CC347D}.Release|Any CPU.Build.0 = Release|Any CPU
		{52C8DCA6-AEED-43F2-93F0-584267D62A02}.Debug|Any CPU.ActiveCfg = Debug|Any CPU
		{52C8DCA6-AEED-43F2-93F0-584267D62A02}.Debug|Any CPU.Build.0 = Debug|Any CPU
		{52C8DCA6-AEED-43F2-93F0-584267D62A02}.Release|Any CPU.ActiveCfg = Release|Any CPU
		{52C8DCA6-AEED-43F2-93F0-584267D62A02}.Release|Any CPU.Build.0 = Release|Any CPU
		{6E42D6B7-B563-4CD6-A482-8957E459EB74}.Debug|Any CPU.ActiveCfg = Debug|Any CPU
		{6E42D6B7-B563-4CD6-A482-8957E459EB74}.Debug|Any CPU.Build.0 = Debug|Any CPU
		{6E42D6B7-B563-4CD6-A482-8957E459EB74}.Release|Any CPU.ActiveCfg = Release|Any CPU
		{6E42D6B7-B563-4CD6-A482-8957E459EB74}.Release|Any CPU.Build.0 = Release|Any CPU
		{A2DF5D68-E27B-4BDE-B773-77F59FA2B7B3}.Debug|Any CPU.ActiveCfg = Debug|Any CPU
		{A2DF5D68-E27B-4BDE-B773-77F59FA2B7B3}.Debug|Any CPU.Build.0 = Debug|Any CPU
		{A2DF5D68-E27B-4BDE-B773-77F59FA2B7B3}.Release|Any CPU.ActiveCfg = Release|Any CPU
		{A2DF5D68-E27B-4BDE-B773-77F59FA2B7B3}.Release|Any CPU.Build.0 = Release|Any CPU
		{F8C13C6F-4375-4809-A848-01A04B62791F}.Debug|Any CPU.ActiveCfg = Debug|Any CPU
		{F8C13C6F-4375-4809-A848-01A04B62791F}.Debug|Any CPU.Build.0 = Debug|Any CPU
		{F8C13C6F-4375-4809-A848-01A04B62791F}.Release|Any CPU.ActiveCfg = Release|Any CPU
		{F8C13C6F-4375-4809-A848-01A04B62791F}.Release|Any CPU.Build.0 = Release|Any CPU
		{70890FB0-80EE-4122-8C39-2A93655A7958}.Debug|Any CPU.ActiveCfg = Debug|Any CPU
		{70890FB0-80EE-4122-8C39-2A93655A7958}.Debug|Any CPU.Build.0 = Debug|Any CPU
		{70890FB0-80EE-4122-8C39-2A93655A7958}.Release|Any CPU.ActiveCfg = Release|Any CPU
		{70890FB0-80EE-4122-8C39-2A93655A7958}.Release|Any CPU.Build.0 = Release|Any CPU
		{DF98C5C1-CD4D-473C-9526-CE084F1773FA}.Debug|Any CPU.ActiveCfg = Debug|Any CPU
		{DF98C5C1-CD4D-473C-9526-CE084F1773FA}.Debug|Any CPU.Build.0 = Debug|Any CPU
		{DF98C5C1-CD4D-473C-9526-CE084F1773FA}.Release|Any CPU.ActiveCfg = Release|Any CPU
		{DF98C5C1-CD4D-473C-9526-CE084F1773FA}.Release|Any CPU.Build.0 = Release|Any CPU
		{44772309-328C-4922-9D0B-FE20A59463A1}.Debug|Any CPU.ActiveCfg = Debug|Any CPU
		{44772309-328C-4922-9D0B-FE20A59463A1}.Debug|Any CPU.Build.0 = Debug|Any CPU
		{44772309-328C-4922-9D0B-FE20A59463A1}.Release|Any CPU.ActiveCfg = Release|Any CPU
		{44772309-328C-4922-9D0B-FE20A59463A1}.Release|Any CPU.Build.0 = Release|Any CPU
		{DBB88212-D144-4153-94B4-D2172216C831}.Debug|Any CPU.ActiveCfg = Debug|Any CPU
		{DBB88212-D144-4153-94B4-D2172216C831}.Debug|Any CPU.Build.0 = Debug|Any CPU
		{DBB88212-D144-4153-94B4-D2172216C831}.Release|Any CPU.ActiveCfg = Release|Any CPU
		{DBB88212-D144-4153-94B4-D2172216C831}.Release|Any CPU.Build.0 = Release|Any CPU
	EndGlobalSection
	GlobalSection(SolutionProperties) = preSolution
		HideSolutionNode = FALSE
	EndGlobalSection
	GlobalSection(NestedProjects) = preSolution
		{5ACDC4A4-2879-4D48-BF2E-025F906491DC} = {35464601-23AE-4665-82D5-F1FD61C11E5B}
		{CF6B799B-82E4-4D68-91B7-85BC8A1142C5} = {35464601-23AE-4665-82D5-F1FD61C11E5B}
		{60DA625E-A001-452C-957F-A218592644DB} = {D1C8FE46-97FF-4C2A-9C3B-75BB9E2BE247}
		{7F61CB6B-7608-4B7B-BAC2-3360F9CC347D} = {D1C8FE46-97FF-4C2A-9C3B-75BB9E2BE247}
		{52C8DCA6-AEED-43F2-93F0-584267D62A02} = {B8FC545B-4B63-4D8F-82F3-FFEAFE73AFE3}
		{6E42D6B7-B563-4CD6-A482-8957E459EB74} = {B8FC545B-4B63-4D8F-82F3-FFEAFE73AFE3}
		{A2DF5D68-E27B-4BDE-B773-77F59FA2B7B3} = {14AD9BAC-1FBD-4A5C-8C20-055054FB6478}
		{F8C13C6F-4375-4809-A848-01A04B62791F} = {14AD9BAC-1FBD-4A5C-8C20-055054FB6478}
		{70890FB0-80EE-4122-8C39-2A93655A7958} = {145D5F80-D2A6-4546-9FAB-C1F46C1D2ABA}
		{DF98C5C1-CD4D-473C-9526-CE084F1773FA} = {145D5F80-D2A6-4546-9FAB-C1F46C1D2ABA}
		{44772309-328C-4922-9D0B-FE20A59463A1} = {0B501FD4-3585-4641-90C8-DDFA6AB8FC98}
		{DBB88212-D144-4153-94B4-D2172216C831} = {0B501FD4-3585-4641-90C8-DDFA6AB8FC98}
		{0B501FD4-3585-4641-90C8-DDFA6AB8FC98} = {2B48C8CF-8522-4711-AC70-82872B9F1D41}
		{35464601-23AE-4665-82D5-F1FD61C11E5B} = {C711B7F0-2545-4ADE-99CC-B539F54B35E0}
		{145D5F80-D2A6-4546-9FAB-C1F46C1D2ABA} = {0A33248C-00E5-4322-B19C-56642ABD370A}
		{D1C8FE46-97FF-4C2A-9C3B-75BB9E2BE247} = {AC2373D8-F408-475A-B52D-64857CDEFB2F}
		{B8FC545B-4B63-4D8F-82F3-FFEAFE73AFE3} = {32F1F051-8E8D-477F-AB2A-3E1E266927F6}
		{14AD9BAC-1FBD-4A5C-8C20-055054FB6478} = {6D379817-C0E3-4AF7-82A8-69478EEEFC1F}
	EndGlobalSection
	GlobalSection(ExtensibilityGlobals) = postSolution
		SolutionGuid = {03DC9BFC-4506-44A6-8EF3-C444E690B3A2}
	EndGlobalSection
EndGlobal
