
Microsoft Visual Studio Solution File, Format Version 12.00
# Visual Studio Version 16
VisualStudioVersion = 16.0.29503.13
MinimumVisualStudioVersion = 10.0.40219.1
Project("{2150E333-8FDC-42A3-9474-1A3956D46DE8}") = "Year2018", "Year2018", "{AC2373D8-F408-475A-B52D-64857CDEFB2F}"
EndProject
Project("{2150E333-8FDC-42A3-9474-1A3956D46DE8}") = "Year2019", "Year2019", "{32F1F051-8E8D-477F-AB2A-3E1E266927F6}"
EndProject
Project("{2150E333-8FDC-42A3-9474-1A3956D46DE8}") = "Year2020", "Year2020", "{6D379817-C0E3-4AF7-82A8-69478EEEFC1F}"
EndProject
Project("{2150E333-8FDC-42A3-9474-1A3956D46DE8}") = "SharedUtils", "SharedUtils", "{C711B7F0-2545-4ADE-99CC-B539F54B35E0}"
EndProject
Project("{9A19103F-16F7-4668-BE54-9A1E7A4F7556}") = "AdventOfCode.SharedUtils", "SharedUtils\src\AdventOfCode.SharedUtils.csproj", "{5ACDC4A4-2879-4D48-BF2E-025F906491DC}"
EndProject
Project("{9A19103F-16F7-4668-BE54-9A1E7A4F7556}") = "AdventOfCode.SharedUtils.tests", "SharedUtils\tests\AdventOfCode.SharedUtils.tests.csproj", "{CF6B799B-82E4-4D68-91B7-85BC8A1142C5}"
EndProject
Project("{9A19103F-16F7-4668-BE54-9A1E7A4F7556}") = "AdventOfCode.Year2018", "Year2018\src\AdventOfCode.Year2018.csproj", "{60DA625E-A001-452C-957F-A218592644DB}"
EndProject
Project("{9A19103F-16F7-4668-BE54-9A1E7A4F7556}") = "AdventOfCode.Year2018.Tests", "Year2018\tests\AdventOfCode.Year2018.Tests.csproj", "{7F61CB6B-7608-4B7B-BAC2-3360F9CC347D}"
EndProject
Project("{9A19103F-16F7-4668-BE54-9A1E7A4F7556}") = "AdventOfCode.Year2019", "Year2019\src\AdventOfCode.Year2019.csproj", "{52C8DCA6-AEED-43F2-93F0-584267D62A02}"
EndProject
Project("{9A19103F-16F7-4668-BE54-9A1E7A4F7556}") = "AdventOfCode.Year2019.Tests", "Year2019\tests\AdventOfCode.Year2019.Tests.csproj", "{6E42D6B7-B563-4CD6-A482-8957E459EB74}"
EndProject
Project("{9A19103F-16F7-4668-BE54-9A1E7A4F7556}") = "AdventOfCode.Year2020", "Year2020\src\AdventOfCode.Year2020.csproj", "{A2DF5D68-E27B-4BDE-B773-77F59FA2B7B3}"
EndProject
Project("{9A19103F-16F7-4668-BE54-9A1E7A4F7556}") = "AdventOfCode.Year2020.Tests", "Year2020\tests\AdventOfCode.Year2020.Tests.csproj", "{F8C13C6F-4375-4809-A848-01A04B62791F}"
EndProject
Global
	GlobalSection(SolutionConfigurationPlatforms) = preSolution
		Debug|Any CPU = Debug|Any CPU
		Release|Any CPU = Release|Any CPU
	EndGlobalSection
	GlobalSection(ProjectConfigurationPlatforms) = postSolution
		{5ACDC4A4-2879-4D48-BF2E-025F906491DC}.Debug|Any CPU.ActiveCfg = Debug|Any CPU
		{5ACDC4A4-2879-4D48-BF2E-025F906491DC}.Debug|Any CPU.Build.0 = Debug|Any CPU
		{5ACDC4A4-2879-4D48-BF2E-025F906491DC}.Release|Any CPU.ActiveCfg = Release|Any CPU
		{5ACDC4A4-2879-4D48-BF2E-025F906491DC}.Release|Any CPU.Build.0 = Release|Any CPU
		{CF6B799B-82E4-4D68-91B7-85BC8A1142C5}.Debug|Any CPU.ActiveCfg = Debug|Any CPU
		{CF6B799B-82E4-4D68-91B7-85BC8A1142C5}.Debug|Any CPU.Build.0 = Debug|Any CPU
		{CF6B799B-82E4-4D68-91B7-85BC8A1142C5}.Release|Any CPU.ActiveCfg = Release|Any CPU
		{CF6B799B-82E4-4D68-91B7-85BC8A1142C5}.Release|Any CPU.Build.0 = Release|Any CPU
		{60DA625E-A001-452C-957F-A218592644DB}.Debug|Any CPU.ActiveCfg = Debug|Any CPU
		{60DA625E-A001-452C-957F-A218592644DB}.Debug|Any CPU.Build.0 = Debug|Any CPU
		{60DA625E-A001-452C-957F-A218592644DB}.Release|Any CPU.ActiveCfg = Release|Any CPU
		{60DA625E-A001-452C-957F-A218592644DB}.Release|Any CPU.Build.0 = Release|Any CPU
		{7F61CB6B-7608-4B7B-BAC2-3360F9CC347D}.Debug|Any CPU.ActiveCfg = Debug|Any CPU
		{7F61CB6B-7608-4B7B-BAC2-3360F9CC347D}.Debug|Any CPU.Build.0 = Debug|Any CPU
		{7F61CB6B-7608-4B7B-BAC2-3360F9CC347D}.Release|Any CPU.ActiveCfg = Release|Any CPU
		{7F61CB6B-7608-4B7B-BAC2-3360F9CC347D}.Release|Any CPU.Build.0 = Release|Any CPU
		{52C8DCA6-AEED-43F2-93F0-584267D62A02}.Debug|Any CPU.ActiveCfg = Debug|Any CPU
		{52C8DCA6-AEED-43F2-93F0-584267D62A02}.Debug|Any CPU.Build.0 = Debug|Any CPU
		{52C8DCA6-AEED-43F2-93F0-584267D62A02}.Release|Any CPU.ActiveCfg = Release|Any CPU
		{52C8DCA6-AEED-43F2-93F0-584267D62A02}.Release|Any CPU.Build.0 = Release|Any CPU
		{6E42D6B7-B563-4CD6-A482-8957E459EB74}.Debug|Any CPU.ActiveCfg = Debug|Any CPU
		{6E42D6B7-B563-4CD6-A482-8957E459EB74}.Debug|Any CPU.Build.0 = Debug|Any CPU
		{6E42D6B7-B563-4CD6-A482-8957E459EB74}.Release|Any CPU.ActiveCfg = Release|Any CPU
		{6E42D6B7-B563-4CD6-A482-8957E459EB74}.Release|Any CPU.Build.0 = Release|Any CPU
		{A2DF5D68-E27B-4BDE-B773-77F59FA2B7B3}.Debug|Any CPU.ActiveCfg = Debug|Any CPU
		{A2DF5D68-E27B-4BDE-B773-77F59FA2B7B3}.Debug|Any CPU.Build.0 = Debug|Any CPU
		{A2DF5D68-E27B-4BDE-B773-77F59FA2B7B3}.Release|Any CPU.ActiveCfg = Release|Any CPU
		{A2DF5D68-E27B-4BDE-B773-77F59FA2B7B3}.Release|Any CPU.Build.0 = Release|Any CPU
		{F8C13C6F-4375-4809-A848-01A04B62791F}.Debug|Any CPU.ActiveCfg = Debug|Any CPU
		{F8C13C6F-4375-4809-A848-01A04B62791F}.Debug|Any CPU.Build.0 = Debug|Any CPU
		{F8C13C6F-4375-4809-A848-01A04B62791F}.Release|Any CPU.ActiveCfg = Release|Any CPU
		{F8C13C6F-4375-4809-A848-01A04B62791F}.Release|Any CPU.Build.0 = Release|Any CPU
	EndGlobalSection
	GlobalSection(SolutionProperties) = preSolution
		HideSolutionNode = FALSE
	EndGlobalSection
	GlobalSection(NestedProjects) = preSolution
		{5ACDC4A4-2879-4D48-BF2E-025F906491DC} = {C711B7F0-2545-4ADE-99CC-B539F54B35E0}
		{CF6B799B-82E4-4D68-91B7-85BC8A1142C5} = {C711B7F0-2545-4ADE-99CC-B539F54B35E0}
		{60DA625E-A001-452C-957F-A218592644DB} = {AC2373D8-F408-475A-B52D-64857CDEFB2F}
		{7F61CB6B-7608-4B7B-BAC2-3360F9CC347D} = {AC2373D8-F408-475A-B52D-64857CDEFB2F}
		{52C8DCA6-AEED-43F2-93F0-584267D62A02} = {32F1F051-8E8D-477F-AB2A-3E1E266927F6}
		{6E42D6B7-B563-4CD6-A482-8957E459EB74} = {32F1F051-8E8D-477F-AB2A-3E1E266927F6}
		{A2DF5D68-E27B-4BDE-B773-77F59FA2B7B3} = {6D379817-C0E3-4AF7-82A8-69478EEEFC1F}
		{F8C13C6F-4375-4809-A848-01A04B62791F} = {6D379817-C0E3-4AF7-82A8-69478EEEFC1F}
	EndGlobalSection
	GlobalSection(ExtensibilityGlobals) = postSolution
		SolutionGuid = {03DC9BFC-4506-44A6-8EF3-C444E690B3A2}
	EndGlobalSection
EndGlobal
